// !$*UTF8*$!
{
	archiveVersion = 1;
	classes = {
	};
	objectVersion = 46;
	objects = {

/* Begin PBXBuildFile section */
		2E73C79C65549A51E32102C5 /* Pods_Method.framework in Frameworks */ = {isa = PBXBuildFile; fileRef = 8CCBD35002A1CBF5D14C6731 /* Pods_Method.framework */; };
		5F0101891F22C87B00C45F9C /* RecordedAudioTableViewCell.swift in Sources */ = {isa = PBXBuildFile; fileRef = 5F0101881F22C87B00C45F9C /* RecordedAudioTableViewCell.swift */; };
		5F01018D1F22C99C00C45F9C /* MediaPlayerViewController.swift in Sources */ = {isa = PBXBuildFile; fileRef = 5F01018C1F22C99C00C45F9C /* MediaPlayerViewController.swift */; };
		5F0101911F26B68900C45F9C /* RecordService.swift in Sources */ = {isa = PBXBuildFile; fileRef = 5F0101901F26B68900C45F9C /* RecordService.swift */; };
		5F0101931F26B6AA00C45F9C /* Recording.swift in Sources */ = {isa = PBXBuildFile; fileRef = 5F0101921F26B6AA00C45F9C /* Recording.swift */; };
		5F0101951F26B6C000C45F9C /* StorageService.swift in Sources */ = {isa = PBXBuildFile; fileRef = 5F0101941F26B6C000C45F9C /* StorageService.swift */; };
		5F0101971F26C1F200C45F9C /* StorageReference+Recording.swift in Sources */ = {isa = PBXBuildFile; fileRef = 5F0101961F26C1F200C45F9C /* StorageReference+Recording.swift */; };
		5F42EEC21F2914D300519C2F /* Scoring.swift in Sources */ = {isa = PBXBuildFile; fileRef = 5F42EEC11F2914D300519C2F /* Scoring.swift */; };
		5F42EECC1F2A639C00519C2F /* PreviewView.swift in Sources */ = {isa = PBXBuildFile; fileRef = 5F42EECB1F2A639C00519C2F /* PreviewView.swift */; };
		5F42EECE1F2A64A000519C2F /* CameraVideoEnums.swift in Sources */ = {isa = PBXBuildFile; fileRef = 5F42EECD1F2A64A000519C2F /* CameraVideoEnums.swift */; };
		5F42EED01F2BF47200519C2F /* ProfileViewController.swift in Sources */ = {isa = PBXBuildFile; fileRef = 5F42EECF1F2BF47200519C2F /* ProfileViewController.swift */; };
		5F42EED81F2FBFFD00519C2F /* RecordingTableViewCell.swift in Sources */ = {isa = PBXBuildFile; fileRef = 5F42EED71F2FBFFD00519C2F /* RecordingTableViewCell.swift */; };
		5F6BBE751F1FD2C400A157E2 /* AppDelegate.swift in Sources */ = {isa = PBXBuildFile; fileRef = 5F6BBE741F1FD2C400A157E2 /* AppDelegate.swift */; };
		5F6BBE7C1F1FD2C400A157E2 /* Assets.xcassets in Resources */ = {isa = PBXBuildFile; fileRef = 5F6BBE7B1F1FD2C400A157E2 /* Assets.xcassets */; };
		5FA262181F1FF1F000A1B7F8 /* GoogleService-Info.plist in Resources */ = {isa = PBXBuildFile; fileRef = 5FA262161F1FF1F000A1B7F8 /* GoogleService-Info.plist */; };
		5FA262221F1FF39800A1B7F8 /* LaunchScreen.storyboard in Resources */ = {isa = PBXBuildFile; fileRef = 5FA262201F1FF39800A1B7F8 /* LaunchScreen.storyboard */; };
		5FA262231F1FF39800A1B7F8 /* Main.storyboard in Resources */ = {isa = PBXBuildFile; fileRef = 5FA262211F1FF39800A1B7F8 /* Main.storyboard */; };
		5FA262291F1FF42200A1B7F8 /* Login.storyboard in Resources */ = {isa = PBXBuildFile; fileRef = 5FA262281F1FF42200A1B7F8 /* Login.storyboard */; };
		5FA2622B1F1FF63F00A1B7F8 /* LoginViewController.swift in Sources */ = {isa = PBXBuildFile; fileRef = 5FA2622A1F1FF63F00A1B7F8 /* LoginViewController.swift */; };
		5FA262371F1FFDE100A1B7F8 /* User.swift in Sources */ = {isa = PBXBuildFile; fileRef = 5FA262361F1FFDE100A1B7F8 /* User.swift */; };
		5FA262391F1FFE0600A1B7F8 /* UserService.swift in Sources */ = {isa = PBXBuildFile; fileRef = 5FA262381F1FFE0600A1B7F8 /* UserService.swift */; };
		5FA2623B1F1FFE2600A1B7F8 /* CreateUsernameViewController.swift in Sources */ = {isa = PBXBuildFile; fileRef = 5FA2623A1F1FFE2600A1B7F8 /* CreateUsernameViewController.swift */; };
		5FA262411F20038700A1B7F8 /* Storyboard+Utility.swift in Sources */ = {isa = PBXBuildFile; fileRef = 5FA262401F20038700A1B7F8 /* Storyboard+Utility.swift */; };
		5FA262431F20039300A1B7F8 /* Constants.swift in Sources */ = {isa = PBXBuildFile; fileRef = 5FA262421F20039300A1B7F8 /* Constants.swift */; };
		5FA262451F20118B00A1B7F8 /* RecordingViewController.swift in Sources */ = {isa = PBXBuildFile; fileRef = 5FA262441F20118B00A1B7F8 /* RecordingViewController.swift */; };
		5FA2624B1F2017DD00A1B7F8 /* RecordsListViewController.swift in Sources */ = {isa = PBXBuildFile; fileRef = 5FA2624A1F2017DD00A1B7F8 /* RecordsListViewController.swift */; };
/* End PBXBuildFile section */

/* Begin PBXFileReference section */
		49D2C208BBDD1FB10E0DC2C0 /* Pods-Method.release.xcconfig */ = {isa = PBXFileReference; includeInIndex = 1; lastKnownFileType = text.xcconfig; name = "Pods-Method.release.xcconfig"; path = "Pods/Target Support Files/Pods-Method/Pods-Method.release.xcconfig"; sourceTree = "<group>"; };
		5F0101881F22C87B00C45F9C /* RecordedAudioTableViewCell.swift */ = {isa = PBXFileReference; fileEncoding = 4; lastKnownFileType = sourcecode.swift; name = RecordedAudioTableViewCell.swift; path = Views/RecordedAudioTableViewCell.swift; sourceTree = "<group>"; };
		5F01018C1F22C99C00C45F9C /* MediaPlayerViewController.swift */ = {isa = PBXFileReference; fileEncoding = 4; lastKnownFileType = sourcecode.swift; name = MediaPlayerViewController.swift; path = Controllers/MediaPlayerViewController.swift; sourceTree = "<group>"; };
		5F0101901F26B68900C45F9C /* RecordService.swift */ = {isa = PBXFileReference; fileEncoding = 4; lastKnownFileType = sourcecode.swift; name = RecordService.swift; path = Service/RecordService.swift; sourceTree = "<group>"; };
		5F0101921F26B6AA00C45F9C /* Recording.swift */ = {isa = PBXFileReference; fileEncoding = 4; lastKnownFileType = sourcecode.swift; name = Recording.swift; path = Models/Recording.swift; sourceTree = "<group>"; };
		5F0101941F26B6C000C45F9C /* StorageService.swift */ = {isa = PBXFileReference; fileEncoding = 4; lastKnownFileType = sourcecode.swift; name = StorageService.swift; path = Service/StorageService.swift; sourceTree = "<group>"; };
		5F0101961F26C1F200C45F9C /* StorageReference+Recording.swift */ = {isa = PBXFileReference; fileEncoding = 4; lastKnownFileType = sourcecode.swift; name = "StorageReference+Recording.swift"; path = "Extensions/StorageReference+Recording.swift"; sourceTree = "<group>"; };
		5F42EEC11F2914D300519C2F /* Scoring.swift */ = {isa = PBXFileReference; fileEncoding = 4; lastKnownFileType = sourcecode.swift; path = Scoring.swift; sourceTree = "<group>"; };
		5F42EECB1F2A639C00519C2F /* PreviewView.swift */ = {isa = PBXFileReference; fileEncoding = 4; lastKnownFileType = sourcecode.swift; name = PreviewView.swift; path = Views/PreviewView.swift; sourceTree = "<group>"; };
		5F42EECD1F2A64A000519C2F /* CameraVideoEnums.swift */ = {isa = PBXFileReference; fileEncoding = 4; lastKnownFileType = sourcecode.swift; name = CameraVideoEnums.swift; path = Supporting/CameraVideoEnums.swift; sourceTree = "<group>"; };
		5F42EECF1F2BF47200519C2F /* ProfileViewController.swift */ = {isa = PBXFileReference; fileEncoding = 4; lastKnownFileType = sourcecode.swift; name = ProfileViewController.swift; path = Controllers/ProfileViewController.swift; sourceTree = "<group>"; };
		5F42EED71F2FBFFD00519C2F /* RecordingTableViewCell.swift */ = {isa = PBXFileReference; fileEncoding = 4; lastKnownFileType = sourcecode.swift; name = RecordingTableViewCell.swift; path = Views/RecordingTableViewCell.swift; sourceTree = "<group>"; };
		5F6BBE711F1FD2C400A157E2 /* Method.app */ = {isa = PBXFileReference; explicitFileType = wrapper.application; includeInIndex = 0; path = Method.app; sourceTree = BUILT_PRODUCTS_DIR; };
		5F6BBE741F1FD2C400A157E2 /* AppDelegate.swift */ = {isa = PBXFileReference; lastKnownFileType = sourcecode.swift; path = AppDelegate.swift; sourceTree = "<group>"; };
		5F6BBE7B1F1FD2C400A157E2 /* Assets.xcassets */ = {isa = PBXFileReference; lastKnownFileType = folder.assetcatalog; path = Assets.xcassets; sourceTree = "<group>"; };
		5FA262161F1FF1F000A1B7F8 /* GoogleService-Info.plist */ = {isa = PBXFileReference; fileEncoding = 4; lastKnownFileType = text.plist.xml; name = "GoogleService-Info.plist"; path = "Supporting/GoogleService-Info.plist"; sourceTree = "<group>"; };
		5FA262171F1FF1F000A1B7F8 /* Info.plist */ = {isa = PBXFileReference; fileEncoding = 4; lastKnownFileType = text.plist.xml; name = Info.plist; path = Supporting/Info.plist; sourceTree = "<group>"; };
		5FA262201F1FF39800A1B7F8 /* LaunchScreen.storyboard */ = {isa = PBXFileReference; fileEncoding = 4; lastKnownFileType = file.storyboard; name = LaunchScreen.storyboard; path = Storyboards/LaunchScreen.storyboard; sourceTree = "<group>"; };
		5FA262211F1FF39800A1B7F8 /* Main.storyboard */ = {isa = PBXFileReference; fileEncoding = 4; lastKnownFileType = file.storyboard; name = Main.storyboard; path = Storyboards/Main.storyboard; sourceTree = "<group>"; };
		5FA262281F1FF42200A1B7F8 /* Login.storyboard */ = {isa = PBXFileReference; fileEncoding = 4; lastKnownFileType = file.storyboard; name = Login.storyboard; path = Storyboards/Login.storyboard; sourceTree = "<group>"; };
		5FA2622A1F1FF63F00A1B7F8 /* LoginViewController.swift */ = {isa = PBXFileReference; fileEncoding = 4; lastKnownFileType = sourcecode.swift; name = LoginViewController.swift; path = Controllers/LoginViewController.swift; sourceTree = "<group>"; };
		5FA262361F1FFDE100A1B7F8 /* User.swift */ = {isa = PBXFileReference; fileEncoding = 4; lastKnownFileType = sourcecode.swift; name = User.swift; path = Models/User.swift; sourceTree = "<group>"; };
		5FA262381F1FFE0600A1B7F8 /* UserService.swift */ = {isa = PBXFileReference; fileEncoding = 4; lastKnownFileType = sourcecode.swift; name = UserService.swift; path = Service/UserService.swift; sourceTree = "<group>"; };
		5FA2623A1F1FFE2600A1B7F8 /* CreateUsernameViewController.swift */ = {isa = PBXFileReference; fileEncoding = 4; lastKnownFileType = sourcecode.swift; name = CreateUsernameViewController.swift; path = Controllers/CreateUsernameViewController.swift; sourceTree = "<group>"; };
		5FA262401F20038700A1B7F8 /* Storyboard+Utility.swift */ = {isa = PBXFileReference; fileEncoding = 4; lastKnownFileType = sourcecode.swift; name = "Storyboard+Utility.swift"; path = "Extensions/Storyboard+Utility.swift"; sourceTree = "<group>"; };
		5FA262421F20039300A1B7F8 /* Constants.swift */ = {isa = PBXFileReference; fileEncoding = 4; lastKnownFileType = sourcecode.swift; name = Constants.swift; path = Supporting/Constants.swift; sourceTree = "<group>"; };
		5FA262441F20118B00A1B7F8 /* RecordingViewController.swift */ = {isa = PBXFileReference; fileEncoding = 4; lastKnownFileType = sourcecode.swift; name = RecordingViewController.swift; path = Controllers/RecordingViewController.swift; sourceTree = "<group>"; };
		5FA2624A1F2017DD00A1B7F8 /* RecordsListViewController.swift */ = {isa = PBXFileReference; fileEncoding = 4; lastKnownFileType = sourcecode.swift; name = RecordsListViewController.swift; path = Controllers/RecordsListViewController.swift; sourceTree = "<group>"; };
		8CCBD35002A1CBF5D14C6731 /* Pods_Method.framework */ = {isa = PBXFileReference; explicitFileType = wrapper.framework; includeInIndex = 0; path = Pods_Method.framework; sourceTree = BUILT_PRODUCTS_DIR; };
		F646C45D56F6E717222CC5AF /* Pods-Method.debug.xcconfig */ = {isa = PBXFileReference; includeInIndex = 1; lastKnownFileType = text.xcconfig; name = "Pods-Method.debug.xcconfig"; path = "Pods/Target Support Files/Pods-Method/Pods-Method.debug.xcconfig"; sourceTree = "<group>"; };
/* End PBXFileReference section */

/* Begin PBXFrameworksBuildPhase section */
		5F6BBE6E1F1FD2C400A157E2 /* Frameworks */ = {
			isa = PBXFrameworksBuildPhase;
			buildActionMask = 2147483647;
			files = (
				2E73C79C65549A51E32102C5 /* Pods_Method.framework in Frameworks */,
			);
			runOnlyForDeploymentPostprocessing = 0;
		};
/* End PBXFrameworksBuildPhase section */

/* Begin PBXGroup section */
		1DC1086E5098DC5425F410C0 /* Pods */ = {
			isa = PBXGroup;
			children = (
				F646C45D56F6E717222CC5AF /* Pods-Method.debug.xcconfig */,
				49D2C208BBDD1FB10E0DC2C0 /* Pods-Method.release.xcconfig */,
			);
			name = Pods;
			sourceTree = "<group>";
		};
		56EC503903672D7DCE4F845D /* Frameworks */ = {
			isa = PBXGroup;
			children = (
				8CCBD35002A1CBF5D14C6731 /* Pods_Method.framework */,
			);
			name = Frameworks;
			sourceTree = "<group>";
		};
		5F6BBE681F1FD2C400A157E2 = {
			isa = PBXGroup;
			children = (
				5F6BBE731F1FD2C400A157E2 /* Method */,
				5F6BBE721F1FD2C400A157E2 /* Products */,
				1DC1086E5098DC5425F410C0 /* Pods */,
				56EC503903672D7DCE4F845D /* Frameworks */,
			);
			sourceTree = "<group>";
		};
		5F6BBE721F1FD2C400A157E2 /* Products */ = {
			isa = PBXGroup;
			children = (
				5F6BBE711F1FD2C400A157E2 /* Method.app */,
			);
			name = Products;
			sourceTree = "<group>";
		};
		5F6BBE731F1FD2C400A157E2 /* Method */ = {
			isa = PBXGroup;
			children = (
				5F6BBE741F1FD2C400A157E2 /* AppDelegate.swift */,
				5F42EEC11F2914D300519C2F /* Scoring.swift */,
				5F6BBE7B1F1FD2C400A157E2 /* Assets.xcassets */,
				5FA2621E1F1FF2E900A1B7F8 /* Views */,
				5FA2621C1F1FF2CB00A1B7F8 /* View Controllers */,
				5FA2621D1F1FF2D600A1B7F8 /* Storyboards */,
				5FA2621F1F1FF2ED00A1B7F8 /* Models */,
				5FA2622D1F1FF65700A1B7F8 /* Services */,
				5FA2622E1F1FF66C00A1B7F8 /* Helpers */,
				5FA2622F1F1FF67900A1B7F8 /* Extensions */,
				5FA2621A1F1FF1F600A1B7F8 /* Supporting */,
			);
			path = Method;
			sourceTree = "<group>";
		};
		5FA2621A1F1FF1F600A1B7F8 /* Supporting */ = {
			isa = PBXGroup;
			children = (
				5FA262421F20039300A1B7F8 /* Constants.swift */,
				5F42EECD1F2A64A000519C2F /* CameraVideoEnums.swift */,
				5FA262161F1FF1F000A1B7F8 /* GoogleService-Info.plist */,
				5FA262171F1FF1F000A1B7F8 /* Info.plist */,
			);
			name = Supporting;
			sourceTree = "<group>";
		};
		5FA2621C1F1FF2CB00A1B7F8 /* View Controllers */ = {
			isa = PBXGroup;
			children = (
				5FA2623A1F1FFE2600A1B7F8 /* CreateUsernameViewController.swift */,
				5FA2622A1F1FF63F00A1B7F8 /* LoginViewController.swift */,
				5FA262441F20118B00A1B7F8 /* RecordingViewController.swift */,
				5FA2624A1F2017DD00A1B7F8 /* RecordsListViewController.swift */,
				5F01018C1F22C99C00C45F9C /* MediaPlayerViewController.swift */,
				5F42EECF1F2BF47200519C2F /* ProfileViewController.swift */,
			);
			name = "View Controllers";
			sourceTree = "<group>";
		};
		5FA2621D1F1FF2D600A1B7F8 /* Storyboards */ = {
			isa = PBXGroup;
			children = (
				5FA262201F1FF39800A1B7F8 /* LaunchScreen.storyboard */,
				5FA262211F1FF39800A1B7F8 /* Main.storyboard */,
				5FA262281F1FF42200A1B7F8 /* Login.storyboard */,
			);
			name = Storyboards;
			sourceTree = "<group>";
		};
		5FA2621E1F1FF2E900A1B7F8 /* Views */ = {
			isa = PBXGroup;
			children = (
				5F0101881F22C87B00C45F9C /* RecordedAudioTableViewCell.swift */,
				5F42EECB1F2A639C00519C2F /* PreviewView.swift */,
				5F42EED71F2FBFFD00519C2F /* RecordingTableViewCell.swift */,
			);
			name = Views;
			sourceTree = "<group>";
		};
		5FA2621F1F1FF2ED00A1B7F8 /* Models */ = {
			isa = PBXGroup;
			children = (
				5F0101921F26B6AA00C45F9C /* Recording.swift */,
				5FA262361F1FFDE100A1B7F8 /* User.swift */,
			);
			name = Models;
			sourceTree = "<group>";
		};
		5FA2622D1F1FF65700A1B7F8 /* Services */ = {
			isa = PBXGroup;
			children = (
				5F0101941F26B6C000C45F9C /* StorageService.swift */,
				5F0101901F26B68900C45F9C /* RecordService.swift */,
				5FA262381F1FFE0600A1B7F8 /* UserService.swift */,
			);
			name = Services;
			sourceTree = "<group>";
		};
		5FA2622E1F1FF66C00A1B7F8 /* Helpers */ = {
			isa = PBXGroup;
			children = (
			);
			name = Helpers;
			sourceTree = "<group>";
		};
		5FA2622F1F1FF67900A1B7F8 /* Extensions */ = {
			isa = PBXGroup;
			children = (
				5FA262401F20038700A1B7F8 /* Storyboard+Utility.swift */,
				5F0101961F26C1F200C45F9C /* StorageReference+Recording.swift */,
			);
			name = Extensions;
			sourceTree = "<group>";
		};
/* End PBXGroup section */

/* Begin PBXNativeTarget section */
		5F6BBE701F1FD2C400A157E2 /* Method */ = {
			isa = PBXNativeTarget;
			buildConfigurationList = 5F6BBE831F1FD2C400A157E2 /* Build configuration list for PBXNativeTarget "Method" */;
			buildPhases = (
				6FF730BEB78C0B9F8C890372 /* [CP] Check Pods Manifest.lock */,
				5F6BBE6D1F1FD2C400A157E2 /* Sources */,
				5F6BBE6E1F1FD2C400A157E2 /* Frameworks */,
				5F6BBE6F1F1FD2C400A157E2 /* Resources */,
				0F6F8AADDCE3D15677A4CA56 /* [CP] Embed Pods Frameworks */,
				60B6BF4ED29E7317ABADB67E /* [CP] Copy Pods Resources */,
			);
			buildRules = (
			);
			dependencies = (
			);
			name = Method;
			productName = Method;
			productReference = 5F6BBE711F1FD2C400A157E2 /* Method.app */;
			productType = "com.apple.product-type.application";
		};
/* End PBXNativeTarget section */

/* Begin PBXProject section */
		5F6BBE691F1FD2C400A157E2 /* Project object */ = {
			isa = PBXProject;
			attributes = {
				LastSwiftUpdateCheck = 0830;
				LastUpgradeCheck = 0830;
				ORGANIZATIONNAME = MarkWang;
				TargetAttributes = {
					5F6BBE701F1FD2C400A157E2 = {
						CreatedOnToolsVersion = 8.3.3;
						DevelopmentTeam = MMWEE7C9T8;
						ProvisioningStyle = Automatic;
					};
				};
			};
			buildConfigurationList = 5F6BBE6C1F1FD2C400A157E2 /* Build configuration list for PBXProject "Method" */;
			compatibilityVersion = "Xcode 3.2";
			developmentRegion = English;
			hasScannedForEncodings = 0;
			knownRegions = (
				en,
				Base,
			);
			mainGroup = 5F6BBE681F1FD2C400A157E2;
			productRefGroup = 5F6BBE721F1FD2C400A157E2 /* Products */;
			projectDirPath = "";
			projectRoot = "";
			targets = (
				5F6BBE701F1FD2C400A157E2 /* Method */,
			);
		};
/* End PBXProject section */

/* Begin PBXResourcesBuildPhase section */
		5F6BBE6F1F1FD2C400A157E2 /* Resources */ = {
			isa = PBXResourcesBuildPhase;
			buildActionMask = 2147483647;
			files = (
				5FA262221F1FF39800A1B7F8 /* LaunchScreen.storyboard in Resources */,
				5F6BBE7C1F1FD2C400A157E2 /* Assets.xcassets in Resources */,
				5FA262181F1FF1F000A1B7F8 /* GoogleService-Info.plist in Resources */,
				5FA262291F1FF42200A1B7F8 /* Login.storyboard in Resources */,
				5FA262231F1FF39800A1B7F8 /* Main.storyboard in Resources */,
			);
			runOnlyForDeploymentPostprocessing = 0;
		};
/* End PBXResourcesBuildPhase section */

/* Begin PBXShellScriptBuildPhase section */
		0F6F8AADDCE3D15677A4CA56 /* [CP] Embed Pods Frameworks */ = {
			isa = PBXShellScriptBuildPhase;
			buildActionMask = 2147483647;
			files = (
			);
			inputPaths = (
			);
			name = "[CP] Embed Pods Frameworks";
			outputPaths = (
			);
			runOnlyForDeploymentPostprocessing = 0;
			shellPath = /bin/sh;
			shellScript = "\"${SRCROOT}/Pods/Target Support Files/Pods-Method/Pods-Method-frameworks.sh\"\n";
			showEnvVarsInLog = 0;
		};
		60B6BF4ED29E7317ABADB67E /* [CP] Copy Pods Resources */ = {
			isa = PBXShellScriptBuildPhase;
			buildActionMask = 2147483647;
			files = (
			);
			inputPaths = (
			);
			name = "[CP] Copy Pods Resources";
			outputPaths = (
			);
			runOnlyForDeploymentPostprocessing = 0;
			shellPath = /bin/sh;
			shellScript = "\"${SRCROOT}/Pods/Target Support Files/Pods-Method/Pods-Method-resources.sh\"\n";
			showEnvVarsInLog = 0;
		};
		6FF730BEB78C0B9F8C890372 /* [CP] Check Pods Manifest.lock */ = {
			isa = PBXShellScriptBuildPhase;
			buildActionMask = 2147483647;
			files = (
			);
			inputPaths = (
			);
			name = "[CP] Check Pods Manifest.lock";
			outputPaths = (
			);
			runOnlyForDeploymentPostprocessing = 0;
			shellPath = /bin/sh;
			shellScript = "diff \"${PODS_PODFILE_DIR_PATH}/Podfile.lock\" \"${PODS_ROOT}/Manifest.lock\" > /dev/null\nif [ $? != 0 ] ; then\n    # print error to STDERR\n    echo \"error: The sandbox is not in sync with the Podfile.lock. Run 'pod install' or update your CocoaPods installation.\" >&2\n    exit 1\nfi\n";
			showEnvVarsInLog = 0;
		};
/* End PBXShellScriptBuildPhase section */

/* Begin PBXSourcesBuildPhase section */
		5F6BBE6D1F1FD2C400A157E2 /* Sources */ = {
			isa = PBXSourcesBuildPhase;
			buildActionMask = 2147483647;
			files = (
				5FA262391F1FFE0600A1B7F8 /* UserService.swift in Sources */,
				5FA262371F1FFDE100A1B7F8 /* User.swift in Sources */,
				5FA2622B1F1FF63F00A1B7F8 /* LoginViewController.swift in Sources */,
				5F0101891F22C87B00C45F9C /* RecordedAudioTableViewCell.swift in Sources */,
				5F0101931F26B6AA00C45F9C /* Recording.swift in Sources */,
				5FA2623B1F1FFE2600A1B7F8 /* CreateUsernameViewController.swift in Sources */,
				5F01018D1F22C99C00C45F9C /* MediaPlayerViewController.swift in Sources */,
				5F42EECE1F2A64A000519C2F /* CameraVideoEnums.swift in Sources */,
				5FA262451F20118B00A1B7F8 /* RecordingViewController.swift in Sources */,
				5F42EED01F2BF47200519C2F /* ProfileViewController.swift in Sources */,
				5FA262431F20039300A1B7F8 /* Constants.swift in Sources */,
				5F42EED81F2FBFFD00519C2F /* RecordingTableViewCell.swift in Sources */,
				5F0101911F26B68900C45F9C /* RecordService.swift in Sources */,
				5F6BBE751F1FD2C400A157E2 /* AppDelegate.swift in Sources */,
				5FA262411F20038700A1B7F8 /* Storyboard+Utility.swift in Sources */,
				5F42EECC1F2A639C00519C2F /* PreviewView.swift in Sources */,
				5FA2624B1F2017DD00A1B7F8 /* RecordsListViewController.swift in Sources */,
				5F42EEC21F2914D300519C2F /* Scoring.swift in Sources */,
				5F0101971F26C1F200C45F9C /* StorageReference+Recording.swift in Sources */,
				5F0101951F26B6C000C45F9C /* StorageService.swift in Sources */,
			);
			runOnlyForDeploymentPostprocessing = 0;
		};
/* End PBXSourcesBuildPhase section */

/* Begin XCBuildConfiguration section */
		5F6BBE811F1FD2C400A157E2 /* Debug */ = {
			isa = XCBuildConfiguration;
			buildSettings = {
				ALWAYS_SEARCH_USER_PATHS = NO;
				CLANG_ANALYZER_NONNULL = YES;
				CLANG_ANALYZER_NUMBER_OBJECT_CONVERSION = YES_AGGRESSIVE;
				CLANG_CXX_LANGUAGE_STANDARD = "gnu++0x";
				CLANG_CXX_LIBRARY = "libc++";
				CLANG_ENABLE_MODULES = YES;
				CLANG_ENABLE_OBJC_ARC = YES;
				CLANG_WARN_BOOL_CONVERSION = YES;
				CLANG_WARN_CONSTANT_CONVERSION = YES;
				CLANG_WARN_DIRECT_OBJC_ISA_USAGE = YES_ERROR;
				CLANG_WARN_DOCUMENTATION_COMMENTS = YES;
				CLANG_WARN_EMPTY_BODY = YES;
				CLANG_WARN_ENUM_CONVERSION = YES;
				CLANG_WARN_INFINITE_RECURSION = YES;
				CLANG_WARN_INT_CONVERSION = YES;
				CLANG_WARN_OBJC_ROOT_CLASS = YES_ERROR;
				CLANG_WARN_SUSPICIOUS_MOVE = YES;
				CLANG_WARN_UNREACHABLE_CODE = YES;
				CLANG_WARN__DUPLICATE_METHOD_MATCH = YES;
				"CODE_SIGN_IDENTITY[sdk=iphoneos*]" = "iPhone Developer";
				COPY_PHASE_STRIP = NO;
				DEBUG_INFORMATION_FORMAT = dwarf;
				ENABLE_STRICT_OBJC_MSGSEND = YES;
				ENABLE_TESTABILITY = YES;
				GCC_C_LANGUAGE_STANDARD = gnu99;
				GCC_DYNAMIC_NO_PIC = NO;
				GCC_NO_COMMON_BLOCKS = YES;
				GCC_OPTIMIZATION_LEVEL = 0;
				GCC_PREPROCESSOR_DEFINITIONS = (
					"DEBUG=1",
					"$(inherited)",
				);
				GCC_WARN_64_TO_32_BIT_CONVERSION = YES;
				GCC_WARN_ABOUT_RETURN_TYPE = YES_ERROR;
				GCC_WARN_UNDECLARED_SELECTOR = YES;
				GCC_WARN_UNINITIALIZED_AUTOS = YES_AGGRESSIVE;
				GCC_WARN_UNUSED_FUNCTION = YES;
				GCC_WARN_UNUSED_VARIABLE = YES;
				IPHONEOS_DEPLOYMENT_TARGET = 10.3;
				MTL_ENABLE_DEBUG_INFO = YES;
				ONLY_ACTIVE_ARCH = YES;
				SDKROOT = iphoneos;
				SWIFT_ACTIVE_COMPILATION_CONDITIONS = DEBUG;
				SWIFT_OPTIMIZATION_LEVEL = "-Onone";
			};
			name = Debug;
		};
		5F6BBE821F1FD2C400A157E2 /* Release */ = {
			isa = XCBuildConfiguration;
			buildSettings = {
				ALWAYS_SEARCH_USER_PATHS = NO;
				CLANG_ANALYZER_NONNULL = YES;
				CLANG_ANALYZER_NUMBER_OBJECT_CONVERSION = YES_AGGRESSIVE;
				CLANG_CXX_LANGUAGE_STANDARD = "gnu++0x";
				CLANG_CXX_LIBRARY = "libc++";
				CLANG_ENABLE_MODULES = YES;
				CLANG_ENABLE_OBJC_ARC = YES;
				CLANG_WARN_BOOL_CONVERSION = YES;
				CLANG_WARN_CONSTANT_CONVERSION = YES;
				CLANG_WARN_DIRECT_OBJC_ISA_USAGE = YES_ERROR;
				CLANG_WARN_DOCUMENTATION_COMMENTS = YES;
				CLANG_WARN_EMPTY_BODY = YES;
				CLANG_WARN_ENUM_CONVERSION = YES;
				CLANG_WARN_INFINITE_RECURSION = YES;
				CLANG_WARN_INT_CONVERSION = YES;
				CLANG_WARN_OBJC_ROOT_CLASS = YES_ERROR;
				CLANG_WARN_SUSPICIOUS_MOVE = YES;
				CLANG_WARN_UNREACHABLE_CODE = YES;
				CLANG_WARN__DUPLICATE_METHOD_MATCH = YES;
				"CODE_SIGN_IDENTITY[sdk=iphoneos*]" = "iPhone Developer";
				COPY_PHASE_STRIP = NO;
				DEBUG_INFORMATION_FORMAT = "dwarf-with-dsym";
				ENABLE_NS_ASSERTIONS = NO;
				ENABLE_STRICT_OBJC_MSGSEND = YES;
				GCC_C_LANGUAGE_STANDARD = gnu99;
				GCC_NO_COMMON_BLOCKS = YES;
				GCC_WARN_64_TO_32_BIT_CONVERSION = YES;
				GCC_WARN_ABOUT_RETURN_TYPE = YES_ERROR;
				GCC_WARN_UNDECLARED_SELECTOR = YES;
				GCC_WARN_UNINITIALIZED_AUTOS = YES_AGGRESSIVE;
				GCC_WARN_UNUSED_FUNCTION = YES;
				GCC_WARN_UNUSED_VARIABLE = YES;
				IPHONEOS_DEPLOYMENT_TARGET = 10.3;
				MTL_ENABLE_DEBUG_INFO = NO;
				SDKROOT = iphoneos;
				SWIFT_OPTIMIZATION_LEVEL = "-Owholemodule";
				VALIDATE_PRODUCT = YES;
			};
			name = Release;
		};
		5F6BBE841F1FD2C400A157E2 /* Debug */ = {
			isa = XCBuildConfiguration;
			baseConfigurationReference = F646C45D56F6E717222CC5AF /* Pods-Method.debug.xcconfig */;
			buildSettings = {
				ASSETCATALOG_COMPILER_APPICON_NAME = AppIcon;
				DEVELOPMENT_TEAM = MMWEE7C9T8;
				INFOPLIST_FILE = "$(SRCROOT)/Method/Supporting/Info.plist";
				LD_RUNPATH_SEARCH_PATHS = "$(inherited) @executable_path/Frameworks";
				PRODUCT_BUNDLE_IDENTIFIER = com.markwang.Method;
				PRODUCT_NAME = "$(TARGET_NAME)";
				SWIFT_VERSION = 3.0;
			};
			name = Debug;
		};
		5F6BBE851F1FD2C400A157E2 /* Release */ = {
			isa = XCBuildConfiguration;
			baseConfigurationReference = 49D2C208BBDD1FB10E0DC2C0 /* Pods-Method.release.xcconfig */;
			buildSettings = {
				ASSETCATALOG_COMPILER_APPICON_NAME = AppIcon;
				DEVELOPMENT_TEAM = MMWEE7C9T8;
				INFOPLIST_FILE = "$(SRCROOT)/Method/Supporting/Info.plist";
				LD_RUNPATH_SEARCH_PATHS = "$(inherited) @executable_path/Frameworks";
				PRODUCT_BUNDLE_IDENTIFIER = com.markwang.Method;
				PRODUCT_NAME = "$(TARGET_NAME)";
				SWIFT_VERSION = 3.0;
			};
			name = Release;
		};
/* End XCBuildConfiguration section */

/* Begin XCConfigurationList section */
		5F6BBE6C1F1FD2C400A157E2 /* Build configuration list for PBXProject "Method" */ = {
			isa = XCConfigurationList;
			buildConfigurations = (
				5F6BBE811F1FD2C400A157E2 /* Debug */,
				5F6BBE821F1FD2C400A157E2 /* Release */,
			);
			defaultConfigurationIsVisible = 0;
			defaultConfigurationName = Release;
		};
		5F6BBE831F1FD2C400A157E2 /* Build configuration list for PBXNativeTarget "Method" */ = {
			isa = XCConfigurationList;
			buildConfigurations = (
				5F6BBE841F1FD2C400A157E2 /* Debug */,
				5F6BBE851F1FD2C400A157E2 /* Release */,
			);
			defaultConfigurationIsVisible = 0;
			defaultConfigurationName = Release;
		};
/* End XCConfigurationList section */
	};
	rootObject = 5F6BBE691F1FD2C400A157E2 /* Project object */;
}
